// !$*UTF8*$!
{
	archiveVersion = 1;
	classes = {
	};
	objectVersion = 46;
	objects = {

/* Begin PBXBuildFile section */
		AE8A4DCC1C87196700A7E025 /* main.swift in Sources */ = {isa = PBXBuildFile; fileRef = AE8A4DCB1C87196700A7E025 /* main.swift */; };
		AE8A4DD31C87198800A7E025 /* GrandModel.swift in Sources */ = {isa = PBXBuildFile; fileRef = AE8A4DD21C87198800A7E025 /* GrandModel.swift */; };
		AE8C8B9F1C8B250C00AB1619 /* DemoObjc.m in Sources */ = {isa = PBXBuildFile; fileRef = AE8C8B9E1C8B250C00AB1619 /* DemoObjc.m */; };
/* End PBXBuildFile section */

/* Begin PBXCopyFilesBuildPhase section */
		AE8A4DC61C87196700A7E025 /* CopyFiles */ = {
			isa = PBXCopyFilesBuildPhase;
			buildActionMask = 2147483647;
			dstPath = /usr/share/man/man1/;
			dstSubfolderSpec = 0;
			files = (
			);
			runOnlyForDeploymentPostprocessing = 1;
		};
/* End PBXCopyFilesBuildPhase section */

/* Begin PBXFileReference section */
		AE8A4DC81C87196700A7E025 /* DemoConsole */ = {isa = PBXFileReference; explicitFileType = "compiled.mach-o.executable"; includeInIndex = 0; path = DemoConsole; sourceTree = BUILT_PRODUCTS_DIR; };
		AE8A4DCB1C87196700A7E025 /* main.swift */ = {isa = PBXFileReference; lastKnownFileType = sourcecode.swift; path = main.swift; sourceTree = "<group>"; };
		AE8A4DD21C87198800A7E025 /* GrandModel.swift */ = {isa = PBXFileReference; fileEncoding = 4; lastKnownFileType = sourcecode.swift; name = GrandModel.swift; path = ../../../../../../Documents/GrandModel/GrandModel/GrandModel.swift; sourceTree = "<group>"; };
		AE8C8B9C1C8B250C00AB1619 /* DemoConsole-Bridging-Header.h */ = {isa = PBXFileReference; lastKnownFileType = sourcecode.c.h; path = "DemoConsole-Bridging-Header.h"; sourceTree = "<group>"; };
		AE8C8B9D1C8B250C00AB1619 /* DemoObjc.h */ = {isa = PBXFileReference; fileEncoding = 4; lastKnownFileType = sourcecode.c.h; path = DemoObjc.h; sourceTree = "<group>"; };
		AE8C8B9E1C8B250C00AB1619 /* DemoObjc.m */ = {isa = PBXFileReference; fileEncoding = 4; lastKnownFileType = sourcecode.c.objc; path = DemoObjc.m; sourceTree = "<group>"; };
/* End PBXFileReference section */

/* Begin PBXFrameworksBuildPhase section */
		AE8A4DC51C87196700A7E025 /* Frameworks */ = {
			isa = PBXFrameworksBuildPhase;
			buildActionMask = 2147483647;
			files = (
			);
			runOnlyForDeploymentPostprocessing = 0;
		};
/* End PBXFrameworksBuildPhase section */

/* Begin PBXGroup section */
		AE8A4DBF1C87196700A7E025 = {
			isa = PBXGroup;
			children = (
				AE8A4DCA1C87196700A7E025 /* DemoConsole */,
				AE8A4DC91C87196700A7E025 /* Products */,
			);
			sourceTree = "<group>";
		};
		AE8A4DC91C87196700A7E025 /* Products */ = {
			isa = PBXGroup;
			children = (
				AE8A4DC81C87196700A7E025 /* DemoConsole */,
			);
			name = Products;
			sourceTree = "<group>";
		};
		AE8A4DCA1C87196700A7E025 /* DemoConsole */ = {
			isa = PBXGroup;
			children = (
				AE8A4DD21C87198800A7E025 /* GrandModel.swift */,
				AE8A4DCB1C87196700A7E025 /* main.swift */,
				AE8C8B9D1C8B250C00AB1619 /* DemoObjc.h */,
				AE8C8B9E1C8B250C00AB1619 /* DemoObjc.m */,
				AE8C8B9C1C8B250C00AB1619 /* DemoConsole-Bridging-Header.h */,
			);
			path = DemoConsole;
			sourceTree = "<group>";
		};
/* End PBXGroup section */

/* Begin PBXNativeTarget section */
		AE8A4DC71C87196700A7E025 /* DemoConsole */ = {
			isa = PBXNativeTarget;
			buildConfigurationList = AE8A4DCF1C87196700A7E025 /* Build configuration list for PBXNativeTarget "DemoConsole" */;
			buildPhases = (
				AE8A4DC41C87196700A7E025 /* Sources */,
				AE8A4DC51C87196700A7E025 /* Frameworks */,
				AE8A4DC61C87196700A7E025 /* CopyFiles */,
			);
			buildRules = (
			);
			dependencies = (
			);
			name = DemoConsole;
			productName = DemoConsole;
			productReference = AE8A4DC81C87196700A7E025 /* DemoConsole */;
			productType = "com.apple.product-type.tool";
		};
/* End PBXNativeTarget section */

/* Begin PBXProject section */
		AE8A4DC01C87196700A7E025 /* Project object */ = {
			isa = PBXProject;
			attributes = {
				LastSwiftUpdateCheck = 0720;
				LastUpgradeCheck = 0720;
				ORGANIZATIONNAME = StanHu;
				TargetAttributes = {
					AE8A4DC71C87196700A7E025 = {
						CreatedOnToolsVersion = 7.2.1;
					};
				};
			};
			buildConfigurationList = AE8A4DC31C87196700A7E025 /* Build configuration list for PBXProject "DemoConsole" */;
			compatibilityVersion = "Xcode 3.2";
			developmentRegion = English;
			hasScannedForEncodings = 0;
			knownRegions = (
				en,
			);
			mainGroup = AE8A4DBF1C87196700A7E025;
			productRefGroup = AE8A4DC91C87196700A7E025 /* Products */;
			projectDirPath = "";
			projectRoot = "";
			targets = (
				AE8A4DC71C87196700A7E025 /* DemoConsole */,
			);
		};
/* End PBXProject section */

/* Begin PBXSourcesBuildPhase section */
		AE8A4DC41C87196700A7E025 /* Sources */ = {
			isa = PBXSourcesBuildPhase;
			buildActionMask = 2147483647;
			files = (
				AE8A4DD31C87198800A7E025 /* GrandModel.swift in Sources */,
				AE8A4DCC1C87196700A7E025 /* main.swift in Sources */,
				AE8C8B9F1C8B250C00AB1619 /* DemoObjc.m in Sources */,
			);
			runOnlyForDeploymentPostprocessing = 0;
		};
/* End PBXSourcesBuildPhase section */

/* Begin XCBuildConfiguration section */
		AE8A4DCD1C87196700A7E025 /* Debug */ = {
			isa = XCBuildConfiguration;
			buildSettings = {
				ALWAYS_SEARCH_USER_PATHS = NO;
				CLANG_CXX_LANGUAGE_STANDARD = "gnu++0x";
				CLANG_CXX_LIBRARY = "libc++";
				CLANG_ENABLE_MODULES = YES;
				CLANG_ENABLE_OBJC_ARC = YES;
				CLANG_WARN_BOOL_CONVERSION = YES;
				CLANG_WARN_CONSTANT_CONVERSION = YES;
				CLANG_WARN_DIRECT_OBJC_ISA_USAGE = YES_ERROR;
				CLANG_WARN_EMPTY_BODY = YES;
				CLANG_WARN_ENUM_CONVERSION = YES;
				CLANG_WARN_INT_CONVERSION = YES;
				CLANG_WARN_OBJC_ROOT_CLASS = YES_ERROR;
				CLANG_WARN_UNREACHABLE_CODE = YES;
				CLANG_WARN__DUPLICATE_METHOD_MATCH = YES;
				CODE_SIGN_IDENTITY = "-";
				COPY_PHASE_STRIP = NO;
				DEBUG_INFORMATION_FORMAT = dwarf;
				ENABLE_STRICT_OBJC_MSGSEND = YES;
				ENABLE_TESTABILITY = YES;
				GCC_C_LANGUAGE_STANDARD = gnu99;
				GCC_DYNAMIC_NO_PIC = NO;
				GCC_NO_COMMON_BLOCKS = YES;
				GCC_OPTIMIZATION_LEVEL = 0;
				GCC_PREPROCESSOR_DEFINITIONS = (
					"DEBUG=1",
					"$(inherited)",
				);
				GCC_WARN_64_TO_32_BIT_CONVERSION = YES;
				GCC_WARN_ABOUT_RETURN_TYPE = YES_ERROR;
				GCC_WARN_UNDECLARED_SELECTOR = YES;
				GCC_WARN_UNINITIALIZED_AUTOS = YES_AGGRESSIVE;
				GCC_WARN_UNUSED_FUNCTION = YES;
				GCC_WARN_UNUSED_VARIABLE = YES;
				MACOSX_DEPLOYMENT_TARGET = 10.11;
				MTL_ENABLE_DEBUG_INFO = YES;
				ONLY_ACTIVE_ARCH = YES;
				SDKROOT = macosx;
				SWIFT_OPTIMIZATION_LEVEL = "-Onone";
			};
			name = Debug;
		};
		AE8A4DCE1C87196700A7E025 /* Release */ = {
			isa = XCBuildConfiguration;
			buildSettings = {
				ALWAYS_SEARCH_USER_PATHS = NO;
				CLANG_CXX_LANGUAGE_STANDARD = "gnu++0x";
				CLANG_CXX_LIBRARY = "libc++";
				CLANG_ENABLE_MODULES = YES;
				CLANG_ENABLE_OBJC_ARC = YES;
				CLANG_WARN_BOOL_CONVERSION = YES;
				CLANG_WARN_CONSTANT_CONVERSION = YES;
				CLANG_WARN_DIRECT_OBJC_ISA_USAGE = YES_ERROR;
				CLANG_WARN_EMPTY_BODY = YES;
				CLANG_WARN_ENUM_CONVERSION = YES;
				CLANG_WARN_INT_CONVERSION = YES;
				CLANG_WARN_OBJC_ROOT_CLASS = YES_ERROR;
				CLANG_WARN_UNREACHABLE_CODE = YES;
				CLANG_WARN__DUPLICATE_METHOD_MATCH = YES;
				CODE_SIGN_IDENTITY = "-";
				COPY_PHASE_STRIP = NO;
				DEBUG_INFORMATION_FORMAT = "dwarf-with-dsym";
				ENABLE_NS_ASSERTIONS = NO;
				ENABLE_STRICT_OBJC_MSGSEND = YES;
				GCC_C_LANGUAGE_STANDARD = gnu99;
				GCC_NO_COMMON_BLOCKS = YES;
				GCC_WARN_64_TO_32_BIT_CONVERSION = YES;
				GCC_WARN_ABOUT_RETURN_TYPE = YES_ERROR;
				GCC_WARN_UNDECLARED_SELECTOR = YES;
				GCC_WARN_UNINITIALIZED_AUTOS = YES_AGGRESSIVE;
				GCC_WARN_UNUSED_FUNCTION = YES;
				GCC_WARN_UNUSED_VARIABLE = YES;
				MACOSX_DEPLOYMENT_TARGET = 10.11;
				MTL_ENABLE_DEBUG_INFO = NO;
				SDKROOT = macosx;
			};
			name = Release;
		};
		AE8A4DD01C87196700A7E025 /* Debug */ = {
			isa = XCBuildConfiguration;
			buildSettings = {
				CLANG_ENABLE_MODULES = YES;
				LD_RUNPATH_SEARCH_PATHS = "$(inherited) @executable_path/../Frameworks @loader_path/../Frameworks";
				PRODUCT_NAME = "$(TARGET_NAME)";
				SWIFT_OBJC_BRIDGING_HEADER = "DemoConsole/DemoConsole-Bridging-Header.h";
				SWIFT_OPTIMIZATION_LEVEL = "-Onone";
			};
			name = Debug;
		};
		AE8A4DD11C87196700A7E025 /* Release */ = {
			isa = XCBuildConfiguration;
			buildSettings = {
				CLANG_ENABLE_MODULES = YES;
				LD_RUNPATH_SEARCH_PATHS = "$(inherited) @executable_path/../Frameworks @loader_path/../Frameworks";
				PRODUCT_NAME = "$(TARGET_NAME)";
				SWIFT_OBJC_BRIDGING_HEADER = "DemoConsole/DemoConsole-Bridging-Header.h";
			};
			name = Release;
		};
/* End XCBuildConfiguration section */

/* Begin XCConfigurationList section */
		AE8A4DC31C87196700A7E025 /* Build configuration list for PBXProject "DemoConsole" */ = {
			isa = XCConfigurationList;
			buildConfigurations = (
				AE8A4DCD1C87196700A7E025 /* Debug */,
				AE8A4DCE1C87196700A7E025 /* Release */,
			);
			defaultConfigurationIsVisible = 0;
			defaultConfigurationName = Release;
		};
		AE8A4DCF1C87196700A7E025 /* Build configuration list for PBXNativeTarget "DemoConsole" */ = {
			isa = XCConfigurationList;
			buildConfigurations = (
				AE8A4DD01C87196700A7E025 /* Debug */,
				AE8A4DD11C87196700A7E025 /* Release */,
			);
			defaultConfigurationIsVisible = 0;
			defaultConfigurationName = Release;
		};
/* End XCConfigurationList section */
	};
	rootObject = AE8A4DC01C87196700A7E025 /* Project object */;
}
