// !$*UTF8*$!
{
	archiveVersion = 1;
	classes = {
	};
	objectVersion = 46;
	objects = {

/* Begin PBXBuildFile section */
		A2A2D4EF1C81750A00F624DE /* AppDelegate.swift in Sources */ = {isa = PBXBuildFile; fileRef = A2A2D4EE1C81750A00F624DE /* AppDelegate.swift */; };
		A2A2D4F11C81750A00F624DE /* ViewController.swift in Sources */ = {isa = PBXBuildFile; fileRef = A2A2D4F01C81750A00F624DE /* ViewController.swift */; };
		A2A2D4F41C81750A00F624DE /* Main.storyboard in Resources */ = {isa = PBXBuildFile; fileRef = A2A2D4F21C81750A00F624DE /* Main.storyboard */; };
		A2A2D4F61C81750A00F624DE /* Assets.xcassets in Resources */ = {isa = PBXBuildFile; fileRef = A2A2D4F51C81750A00F624DE /* Assets.xcassets */; };
		A2A2D4F91C81750A00F624DE /* LaunchScreen.storyboard in Resources */ = {isa = PBXBuildFile; fileRef = A2A2D4F71C81750A00F624DE /* LaunchScreen.storyboard */; };
		A2A2D5041C81750A00F624DE /* GrandModelDemoTests.swift in Sources */ = {isa = PBXBuildFile; fileRef = A2A2D5031C81750A00F624DE /* GrandModelDemoTests.swift */; };
		A2A2D50F1C81750A00F624DE /* GrandModelDemoUITests.swift in Sources */ = {isa = PBXBuildFile; fileRef = A2A2D50E1C81750A00F624DE /* GrandModelDemoUITests.swift */; };
		A2A2D51E1C81752700F624DE /* GrandModel.swift in Sources */ = {isa = PBXBuildFile; fileRef = A2A2D51D1C81752700F624DE /* GrandModel.swift */; };
		A2A2D5201C81839A00F624DE /* DemoModel.swift in Sources */ = {isa = PBXBuildFile; fileRef = A2A2D51F1C81839A00F624DE /* DemoModel.swift */; };
/* End PBXBuildFile section */

/* Begin PBXContainerItemProxy section */
		A2A2D5001C81750A00F624DE /* PBXContainerItemProxy */ = {
			isa = PBXContainerItemProxy;
			containerPortal = A2A2D4E31C81750A00F624DE /* Project object */;
			proxyType = 1;
			remoteGlobalIDString = A2A2D4EA1C81750A00F624DE;
			remoteInfo = GrandModelDemo;
		};
		A2A2D50B1C81750A00F624DE /* PBXContainerItemProxy */ = {
			isa = PBXContainerItemProxy;
			containerPortal = A2A2D4E31C81750A00F624DE /* Project object */;
			proxyType = 1;
			remoteGlobalIDString = A2A2D4EA1C81750A00F624DE;
			remoteInfo = GrandModelDemo;
		};
/* End PBXContainerItemProxy section */

/* Begin PBXFileReference section */
		A2A2D4EB1C81750A00F624DE /* GrandModelDemo.app */ = {isa = PBXFileReference; explicitFileType = wrapper.application; includeInIndex = 0; path = GrandModelDemo.app; sourceTree = BUILT_PRODUCTS_DIR; };
		A2A2D4EE1C81750A00F624DE /* AppDelegate.swift */ = {isa = PBXFileReference; lastKnownFileType = sourcecode.swift; path = AppDelegate.swift; sourceTree = "<group>"; };
		A2A2D4F01C81750A00F624DE /* ViewController.swift */ = {isa = PBXFileReference; lastKnownFileType = sourcecode.swift; path = ViewController.swift; sourceTree = "<group>"; };
		A2A2D4F31C81750A00F624DE /* Base */ = {isa = PBXFileReference; lastKnownFileType = file.storyboard; name = Base; path = Base.lproj/Main.storyboard; sourceTree = "<group>"; };
		A2A2D4F51C81750A00F624DE /* Assets.xcassets */ = {isa = PBXFileReference; lastKnownFileType = folder.assetcatalog; path = Assets.xcassets; sourceTree = "<group>"; };
		A2A2D4F81C81750A00F624DE /* Base */ = {isa = PBXFileReference; lastKnownFileType = file.storyboard; name = Base; path = Base.lproj/LaunchScreen.storyboard; sourceTree = "<group>"; };
		A2A2D4FA1C81750A00F624DE /* Info.plist */ = {isa = PBXFileReference; lastKnownFileType = text.plist.xml; path = Info.plist; sourceTree = "<group>"; };
		A2A2D4FF1C81750A00F624DE /* GrandModelDemoTests.xctest */ = {isa = PBXFileReference; explicitFileType = wrapper.cfbundle; includeInIndex = 0; path = GrandModelDemoTests.xctest; sourceTree = BUILT_PRODUCTS_DIR; };
		A2A2D5031C81750A00F624DE /* GrandModelDemoTests.swift */ = {isa = PBXFileReference; lastKnownFileType = sourcecode.swift; path = GrandModelDemoTests.swift; sourceTree = "<group>"; };
		A2A2D5051C81750A00F624DE /* Info.plist */ = {isa = PBXFileReference; lastKnownFileType = text.plist.xml; path = Info.plist; sourceTree = "<group>"; };
		A2A2D50A1C81750A00F624DE /* GrandModelDemoUITests.xctest */ = {isa = PBXFileReference; explicitFileType = wrapper.cfbundle; includeInIndex = 0; path = GrandModelDemoUITests.xctest; sourceTree = BUILT_PRODUCTS_DIR; };
		A2A2D50E1C81750A00F624DE /* GrandModelDemoUITests.swift */ = {isa = PBXFileReference; lastKnownFileType = sourcecode.swift; path = GrandModelDemoUITests.swift; sourceTree = "<group>"; };
		A2A2D5101C81750A00F624DE /* Info.plist */ = {isa = PBXFileReference; lastKnownFileType = text.plist.xml; path = Info.plist; sourceTree = "<group>"; };
		A2A2D51D1C81752700F624DE /* GrandModel.swift */ = {isa = PBXFileReference; fileEncoding = 4; lastKnownFileType = sourcecode.swift; name = GrandModel.swift; path = ../GrandModel/GrandModel.swift; sourceTree = "<group>"; };
		A2A2D51F1C81839A00F624DE /* DemoModel.swift */ = {isa = PBXFileReference; fileEncoding = 4; lastKnownFileType = sourcecode.swift; path = DemoModel.swift; sourceTree = "<group>"; };
/* End PBXFileReference section */

/* Begin PBXFrameworksBuildPhase section */
		A2A2D4E81C81750A00F624DE /* Frameworks */ = {
			isa = PBXFrameworksBuildPhase;
			buildActionMask = 2147483647;
			files = (
			);
			runOnlyForDeploymentPostprocessing = 0;
		};
		A2A2D4FC1C81750A00F624DE /* Frameworks */ = {
			isa = PBXFrameworksBuildPhase;
			buildActionMask = 2147483647;
			files = (
			);
			runOnlyForDeploymentPostprocessing = 0;
		};
		A2A2D5071C81750A00F624DE /* Frameworks */ = {
			isa = PBXFrameworksBuildPhase;
			buildActionMask = 2147483647;
			files = (
			);
			runOnlyForDeploymentPostprocessing = 0;
		};
/* End PBXFrameworksBuildPhase section */

/* Begin PBXGroup section */
		A2A2D4E21C81750A00F624DE = {
			isa = PBXGroup;
			children = (
				A2A2D51C1C81751900F624DE /* GrandModel */,
				A2A2D4ED1C81750A00F624DE /* GrandModelDemo */,
				A2A2D5021C81750A00F624DE /* GrandModelDemoTests */,
				A2A2D50D1C81750A00F624DE /* GrandModelDemoUITests */,
				A2A2D4EC1C81750A00F624DE /* Products */,
			);
			sourceTree = "<group>";
		};
		A2A2D4EC1C81750A00F624DE /* Products */ = {
			isa = PBXGroup;
			children = (
				A2A2D4EB1C81750A00F624DE /* GrandModelDemo.app */,
				A2A2D4FF1C81750A00F624DE /* GrandModelDemoTests.xctest */,
				A2A2D50A1C81750A00F624DE /* GrandModelDemoUITests.xctest */,
			);
			name = Products;
			sourceTree = "<group>";
		};
		A2A2D4ED1C81750A00F624DE /* GrandModelDemo */ = {
			isa = PBXGroup;
			children = (
				A2A2D4EE1C81750A00F624DE /* AppDelegate.swift */,
				A2A2D4F01C81750A00F624DE /* ViewController.swift */,
				A2A2D4F21C81750A00F624DE /* Main.storyboard */,
				A2A2D4F51C81750A00F624DE /* Assets.xcassets */,
				A2A2D4F71C81750A00F624DE /* LaunchScreen.storyboard */,
				A2A2D4FA1C81750A00F624DE /* Info.plist */,
				A2A2D51F1C81839A00F624DE /* DemoModel.swift */,
			);
			path = GrandModelDemo;
			sourceTree = "<group>";
		};
		A2A2D5021C81750A00F624DE /* GrandModelDemoTests */ = {
			isa = PBXGroup;
			children = (
				A2A2D5031C81750A00F624DE /* GrandModelDemoTests.swift */,
				A2A2D5051C81750A00F624DE /* Info.plist */,
			);
			path = GrandModelDemoTests;
			sourceTree = "<group>";
		};
		A2A2D50D1C81750A00F624DE /* GrandModelDemoUITests */ = {
			isa = PBXGroup;
			children = (
				A2A2D50E1C81750A00F624DE /* GrandModelDemoUITests.swift */,
				A2A2D5101C81750A00F624DE /* Info.plist */,
			);
			path = GrandModelDemoUITests;
			sourceTree = "<group>";
		};
		A2A2D51C1C81751900F624DE /* GrandModel */ = {
			isa = PBXGroup;
			children = (
				A2A2D51D1C81752700F624DE /* GrandModel.swift */,
			);
			name = GrandModel;
			path = ../GrandModel;
			sourceTree = "<group>";
		};
/* End PBXGroup section */

/* Begin PBXNativeTarget section */
		A2A2D4EA1C81750A00F624DE /* GrandModelDemo */ = {
			isa = PBXNativeTarget;
			buildConfigurationList = A2A2D5131C81750A00F624DE /* Build configuration list for PBXNativeTarget "GrandModelDemo" */;
			buildPhases = (
				A2A2D4E71C81750A00F624DE /* Sources */,
				A2A2D4E81C81750A00F624DE /* Frameworks */,
				A2A2D4E91C81750A00F624DE /* Resources */,
			);
			buildRules = (
			);
			dependencies = (
			);
			name = GrandModelDemo;
			productName = GrandModelDemo;
			productReference = A2A2D4EB1C81750A00F624DE /* GrandModelDemo.app */;
			productType = "com.apple.product-type.application";
		};
		A2A2D4FE1C81750A00F624DE /* GrandModelDemoTests */ = {
			isa = PBXNativeTarget;
			buildConfigurationList = A2A2D5161C81750A00F624DE /* Build configuration list for PBXNativeTarget "GrandModelDemoTests" */;
			buildPhases = (
				A2A2D4FB1C81750A00F624DE /* Sources */,
				A2A2D4FC1C81750A00F624DE /* Frameworks */,
				A2A2D4FD1C81750A00F624DE /* Resources */,
			);
			buildRules = (
			);
			dependencies = (
				A2A2D5011C81750A00F624DE /* PBXTargetDependency */,
			);
			name = GrandModelDemoTests;
			productName = GrandModelDemoTests;
			productReference = A2A2D4FF1C81750A00F624DE /* GrandModelDemoTests.xctest */;
			productType = "com.apple.product-type.bundle.unit-test";
		};
		A2A2D5091C81750A00F624DE /* GrandModelDemoUITests */ = {
			isa = PBXNativeTarget;
			buildConfigurationList = A2A2D5191C81750A00F624DE /* Build configuration list for PBXNativeTarget "GrandModelDemoUITests" */;
			buildPhases = (
				A2A2D5061C81750A00F624DE /* Sources */,
				A2A2D5071C81750A00F624DE /* Frameworks */,
				A2A2D5081C81750A00F624DE /* Resources */,
			);
			buildRules = (
			);
			dependencies = (
				A2A2D50C1C81750A00F624DE /* PBXTargetDependency */,
			);
			name = GrandModelDemoUITests;
			productName = GrandModelDemoUITests;
			productReference = A2A2D50A1C81750A00F624DE /* GrandModelDemoUITests.xctest */;
			productType = "com.apple.product-type.bundle.ui-testing";
		};
/* End PBXNativeTarget section */

/* Begin PBXProject section */
		A2A2D4E31C81750A00F624DE /* Project object */ = {
			isa = PBXProject;
			attributes = {
				LastSwiftUpdateCheck = 0720;
				LastUpgradeCheck = 0720;
				ORGANIZATIONNAME = Qfq;
				TargetAttributes = {
					A2A2D4EA1C81750A00F624DE = {
						CreatedOnToolsVersion = 7.2;
					};
					A2A2D4FE1C81750A00F624DE = {
						CreatedOnToolsVersion = 7.2;
						TestTargetID = A2A2D4EA1C81750A00F624DE;
					};
					A2A2D5091C81750A00F624DE = {
						CreatedOnToolsVersion = 7.2;
						TestTargetID = A2A2D4EA1C81750A00F624DE;
					};
				};
			};
			buildConfigurationList = A2A2D4E61C81750A00F624DE /* Build configuration list for PBXProject "GrandModelDemo" */;
			compatibilityVersion = "Xcode 3.2";
			developmentRegion = English;
			hasScannedForEncodings = 0;
			knownRegions = (
				en,
				Base,
			);
			mainGroup = A2A2D4E21C81750A00F624DE;
			productRefGroup = A2A2D4EC1C81750A00F624DE /* Products */;
			projectDirPath = "";
			projectRoot = "";
			targets = (
				A2A2D4EA1C81750A00F624DE /* GrandModelDemo */,
				A2A2D4FE1C81750A00F624DE /* GrandModelDemoTests */,
				A2A2D5091C81750A00F624DE /* GrandModelDemoUITests */,
			);
		};
/* End PBXProject section */

/* Begin PBXResourcesBuildPhase section */
		A2A2D4E91C81750A00F624DE /* Resources */ = {
			isa = PBXResourcesBuildPhase;
			buildActionMask = 2147483647;
			files = (
				A2A2D4F91C81750A00F624DE /* LaunchScreen.storyboard in Resources */,
				A2A2D4F61C81750A00F624DE /* Assets.xcassets in Resources */,
				A2A2D4F41C81750A00F624DE /* Main.storyboard in Resources */,
			);
			runOnlyForDeploymentPostprocessing = 0;
		};
		A2A2D4FD1C81750A00F624DE /* Resources */ = {
			isa = PBXResourcesBuildPhase;
			buildActionMask = 2147483647;
			files = (
			);
			runOnlyForDeploymentPostprocessing = 0;
		};
		A2A2D5081C81750A00F624DE /* Resources */ = {
			isa = PBXResourcesBuildPhase;
			buildActionMask = 2147483647;
			files = (
			);
			runOnlyForDeploymentPostprocessing = 0;
		};
/* End PBXResourcesBuildPhase section */

/* Begin PBXSourcesBuildPhase section */
		A2A2D4E71C81750A00F624DE /* Sources */ = {
			isa = PBXSourcesBuildPhase;
			buildActionMask = 2147483647;
			files = (
				A2A2D5201C81839A00F624DE /* DemoModel.swift in Sources */,
				A2A2D4F11C81750A00F624DE /* ViewController.swift in Sources */,
				A2A2D4EF1C81750A00F624DE /* AppDelegate.swift in Sources */,
				A2A2D51E1C81752700F624DE /* GrandModel.swift in Sources */,
			);
			runOnlyForDeploymentPostprocessing = 0;
		};
		A2A2D4FB1C81750A00F624DE /* Sources */ = {
			isa = PBXSourcesBuildPhase;
			buildActionMask = 2147483647;
			files = (
				A2A2D5041C81750A00F624DE /* GrandModelDemoTests.swift in Sources */,
			);
			runOnlyForDeploymentPostprocessing = 0;
		};
		A2A2D5061C81750A00F624DE /* Sources */ = {
			isa = PBXSourcesBuildPhase;
			buildActionMask = 2147483647;
			files = (
				A2A2D50F1C81750A00F624DE /* GrandModelDemoUITests.swift in Sources */,
			);
			runOnlyForDeploymentPostprocessing = 0;
		};
/* End PBXSourcesBuildPhase section */

/* Begin PBXTargetDependency section */
		A2A2D5011C81750A00F624DE /* PBXTargetDependency */ = {
			isa = PBXTargetDependency;
			target = A2A2D4EA1C81750A00F624DE /* GrandModelDemo */;
			targetProxy = A2A2D5001C81750A00F624DE /* PBXContainerItemProxy */;
		};
		A2A2D50C1C81750A00F624DE /* PBXTargetDependency */ = {
			isa = PBXTargetDependency;
			target = A2A2D4EA1C81750A00F624DE /* GrandModelDemo */;
			targetProxy = A2A2D50B1C81750A00F624DE /* PBXContainerItemProxy */;
		};
/* End PBXTargetDependency section */

/* Begin PBXVariantGroup section */
		A2A2D4F21C81750A00F624DE /* Main.storyboard */ = {
			isa = PBXVariantGroup;
			children = (
				A2A2D4F31C81750A00F624DE /* Base */,
			);
			name = Main.storyboard;
			sourceTree = "<group>";
		};
		A2A2D4F71C81750A00F624DE /* LaunchScreen.storyboard */ = {
			isa = PBXVariantGroup;
			children = (
				A2A2D4F81C81750A00F624DE /* Base */,
			);
			name = LaunchScreen.storyboard;
			sourceTree = "<group>";
		};
/* End PBXVariantGroup section */

/* Begin XCBuildConfiguration section */
		A2A2D5111C81750A00F624DE /* Debug */ = {
			isa = XCBuildConfiguration;
			buildSettings = {
				ALWAYS_SEARCH_USER_PATHS = NO;
				CLANG_CXX_LANGUAGE_STANDARD = "gnu++0x";
				CLANG_CXX_LIBRARY = "libc++";
				CLANG_ENABLE_MODULES = YES;
				CLANG_ENABLE_OBJC_ARC = YES;
				CLANG_WARN_BOOL_CONVERSION = YES;
				CLANG_WARN_CONSTANT_CONVERSION = YES;
				CLANG_WARN_DIRECT_OBJC_ISA_USAGE = YES_ERROR;
				CLANG_WARN_EMPTY_BODY = YES;
				CLANG_WARN_ENUM_CONVERSION = YES;
				CLANG_WARN_INT_CONVERSION = YES;
				CLANG_WARN_OBJC_ROOT_CLASS = YES_ERROR;
				CLANG_WARN_UNREACHABLE_CODE = YES;
				CLANG_WARN__DUPLICATE_METHOD_MATCH = YES;
				"CODE_SIGN_IDENTITY[sdk=iphoneos*]" = "iPhone Developer";
				COPY_PHASE_STRIP = NO;
				DEBUG_INFORMATION_FORMAT = dwarf;
				ENABLE_STRICT_OBJC_MSGSEND = YES;
				ENABLE_TESTABILITY = YES;
				GCC_C_LANGUAGE_STANDARD = gnu99;
				GCC_DYNAMIC_NO_PIC = NO;
				GCC_NO_COMMON_BLOCKS = YES;
				GCC_OPTIMIZATION_LEVEL = 0;
				GCC_PREPROCESSOR_DEFINITIONS = (
					"DEBUG=1",
					"$(inherited)",
				);
				GCC_WARN_64_TO_32_BIT_CONVERSION = YES;
				GCC_WARN_ABOUT_RETURN_TYPE = YES_ERROR;
				GCC_WARN_UNDECLARED_SELECTOR = YES;
				GCC_WARN_UNINITIALIZED_AUTOS = YES_AGGRESSIVE;
				GCC_WARN_UNUSED_FUNCTION = YES;
				GCC_WARN_UNUSED_VARIABLE = YES;
				IPHONEOS_DEPLOYMENT_TARGET = 9.2;
				MTL_ENABLE_DEBUG_INFO = YES;
				ONLY_ACTIVE_ARCH = YES;
				SDKROOT = iphoneos;
				SWIFT_OPTIMIZATION_LEVEL = "-Onone";
			};
			name = Debug;
		};
		A2A2D5121C81750A00F624DE /* Release */ = {
			isa = XCBuildConfiguration;
			buildSettings = {
				ALWAYS_SEARCH_USER_PATHS = NO;
				CLANG_CXX_LANGUAGE_STANDARD = "gnu++0x";
				CLANG_CXX_LIBRARY = "libc++";
				CLANG_ENABLE_MODULES = YES;
				CLANG_ENABLE_OBJC_ARC = YES;
				CLANG_WARN_BOOL_CONVERSION = YES;
				CLANG_WARN_CONSTANT_CONVERSION = YES;
				CLANG_WARN_DIRECT_OBJC_ISA_USAGE = YES_ERROR;
				CLANG_WARN_EMPTY_BODY = YES;
				CLANG_WARN_ENUM_CONVERSION = YES;
				CLANG_WARN_INT_CONVERSION = YES;
				CLANG_WARN_OBJC_ROOT_CLASS = YES_ERROR;
				CLANG_WARN_UNREACHABLE_CODE = YES;
				CLANG_WARN__DUPLICATE_METHOD_MATCH = YES;
				"CODE_SIGN_IDENTITY[sdk=iphoneos*]" = "iPhone Developer";
				COPY_PHASE_STRIP = NO;
				DEBUG_INFORMATION_FORMAT = "dwarf-with-dsym";
				ENABLE_NS_ASSERTIONS = NO;
				ENABLE_STRICT_OBJC_MSGSEND = YES;
				GCC_C_LANGUAGE_STANDARD = gnu99;
				GCC_NO_COMMON_BLOCKS = YES;
				GCC_WARN_64_TO_32_BIT_CONVERSION = YES;
				GCC_WARN_ABOUT_RETURN_TYPE = YES_ERROR;
				GCC_WARN_UNDECLARED_SELECTOR = YES;
				GCC_WARN_UNINITIALIZED_AUTOS = YES_AGGRESSIVE;
				GCC_WARN_UNUSED_FUNCTION = YES;
				GCC_WARN_UNUSED_VARIABLE = YES;
				IPHONEOS_DEPLOYMENT_TARGET = 9.2;
				MTL_ENABLE_DEBUG_INFO = NO;
				SDKROOT = iphoneos;
				VALIDATE_PRODUCT = YES;
			};
			name = Release;
		};
		A2A2D5141C81750A00F624DE /* Debug */ = {
			isa = XCBuildConfiguration;
			buildSettings = {
				ASSETCATALOG_COMPILER_APPICON_NAME = AppIcon;
				INFOPLIST_FILE = GrandModelDemo/Info.plist;
				LD_RUNPATH_SEARCH_PATHS = "$(inherited) @executable_path/Frameworks";
				PRODUCT_BUNDLE_IDENTIFIER = Tyrant.GrandModelDemo;
				PRODUCT_NAME = "$(TARGET_NAME)";
			};
			name = Debug;
		};
		A2A2D5151C81750A00F624DE /* Release */ = {
			isa = XCBuildConfiguration;
			buildSettings = {
				ASSETCATALOG_COMPILER_APPICON_NAME = AppIcon;
				INFOPLIST_FILE = GrandModelDemo/Info.plist;
				LD_RUNPATH_SEARCH_PATHS = "$(inherited) @executable_path/Frameworks";
				PRODUCT_BUNDLE_IDENTIFIER = Tyrant.GrandModelDemo;
				PRODUCT_NAME = "$(TARGET_NAME)";
			};
			name = Release;
		};
		A2A2D5171C81750A00F624DE /* Debug */ = {
			isa = XCBuildConfiguration;
			buildSettings = {
				BUNDLE_LOADER = "$(TEST_HOST)";
				INFOPLIST_FILE = GrandModelDemoTests/Info.plist;
				LD_RUNPATH_SEARCH_PATHS = "$(inherited) @executable_path/Frameworks @loader_path/Frameworks";
				PRODUCT_BUNDLE_IDENTIFIER = Tyrant.GrandModelDemoTests;
				PRODUCT_NAME = "$(TARGET_NAME)";
				TEST_HOST = "$(BUILT_PRODUCTS_DIR)/GrandModelDemo.app/GrandModelDemo";
			};
			name = Debug;
		};
		A2A2D5181C81750A00F624DE /* Release */ = {
			isa = XCBuildConfiguration;
			buildSettings = {
				BUNDLE_LOADER = "$(TEST_HOST)";
				INFOPLIST_FILE = GrandModelDemoTests/Info.plist;
				LD_RUNPATH_SEARCH_PATHS = "$(inherited) @executable_path/Frameworks @loader_path/Frameworks";
				PRODUCT_BUNDLE_IDENTIFIER = Tyrant.GrandModelDemoTests;
				PRODUCT_NAME = "$(TARGET_NAME)";
				TEST_HOST = "$(BUILT_PRODUCTS_DIR)/GrandModelDemo.app/GrandModelDemo";
			};
			name = Release;
		};
		A2A2D51A1C81750A00F624DE /* Debug */ = {
			isa = XCBuildConfiguration;
			buildSettings = {
				INFOPLIST_FILE = GrandModelDemoUITests/Info.plist;
				LD_RUNPATH_SEARCH_PATHS = "$(inherited) @executable_path/Frameworks @loader_path/Frameworks";
				PRODUCT_BUNDLE_IDENTIFIER = Tyrant.GrandModelDemoUITests;
				PRODUCT_NAME = "$(TARGET_NAME)";
				TEST_TARGET_NAME = GrandModelDemo;
				USES_XCTRUNNER = YES;
			};
			name = Debug;
		};
		A2A2D51B1C81750A00F624DE /* Release */ = {
			isa = XCBuildConfiguration;
			buildSettings = {
				INFOPLIST_FILE = GrandModelDemoUITests/Info.plist;
				LD_RUNPATH_SEARCH_PATHS = "$(inherited) @executable_path/Frameworks @loader_path/Frameworks";
				PRODUCT_BUNDLE_IDENTIFIER = Tyrant.GrandModelDemoUITests;
				PRODUCT_NAME = "$(TARGET_NAME)";
				TEST_TARGET_NAME = GrandModelDemo;
				USES_XCTRUNNER = YES;
			};
			name = Release;
		};
/* End XCBuildConfiguration section */

/* Begin XCConfigurationList section */
		A2A2D4E61C81750A00F624DE /* Build configuration list for PBXProject "GrandModelDemo" */ = {
			isa = XCConfigurationList;
			buildConfigurations = (
				A2A2D5111C81750A00F624DE /* Debug */,
				A2A2D5121C81750A00F624DE /* Release */,
			);
			defaultConfigurationIsVisible = 0;
			defaultConfigurationName = Release;
		};
		A2A2D5131C81750A00F624DE /* Build configuration list for PBXNativeTarget "GrandModelDemo" */ = {
			isa = XCConfigurationList;
			buildConfigurations = (
				A2A2D5141C81750A00F624DE /* Debug */,
				A2A2D5151C81750A00F624DE /* Release */,
			);
			defaultConfigurationIsVisible = 0;
			defaultConfigurationName = Release;
		};
		A2A2D5161C81750A00F624DE /* Build configuration list for PBXNativeTarget "GrandModelDemoTests" */ = {
			isa = XCConfigurationList;
			buildConfigurations = (
				A2A2D5171C81750A00F624DE /* Debug */,
				A2A2D5181C81750A00F624DE /* Release */,
			);
			defaultConfigurationIsVisible = 0;
			defaultConfigurationName = Release;
		};
		A2A2D5191C81750A00F624DE /* Build configuration list for PBXNativeTarget "GrandModelDemoUITests" */ = {
			isa = XCConfigurationList;
			buildConfigurations = (
				A2A2D51A1C81750A00F624DE /* Debug */,
				A2A2D51B1C81750A00F624DE /* Release */,
			);
			defaultConfigurationIsVisible = 0;
			defaultConfigurationName = Release;
		};
/* End XCConfigurationList section */
	};
	rootObject = A2A2D4E31C81750A00F624DE /* Project object */;
}
