// !$*UTF8*$!
{
	archiveVersion = 1;
	classes = {
	};
	objectVersion = 46;
	objects = {

/* Begin PBXBuildFile section */
		AE164BC21C94203400B9FC52 /* DemoMirror.swift in Sources */ = {isa = PBXBuildFile; fileRef = AE164BC11C94203400B9FC52 /* DemoMirror.swift */; };
		AE93ACDD1CE871A0003C737F /* GrandType.swift in Sources */ = {isa = PBXBuildFile; fileRef = AE93ACDC1CE871A0003C737F /* GrandType.swift */; };
		AE93ACDF1CE874F1003C737F /* GrandModel+Map.swift in Sources */ = {isa = PBXBuildFile; fileRef = AE93ACDE1CE874F1003C737F /* GrandModel+Map.swift */; };
		AE93ACE11CE87B01003C737F /* DemoClass.swift in Sources */ = {isa = PBXBuildFile; fileRef = AE93ACE01CE87B01003C737F /* DemoClass.swift */; };
		AEBCA4251C8FE7CE00360056 /* AppDelegate.swift in Sources */ = {isa = PBXBuildFile; fileRef = AEBCA4241C8FE7CE00360056 /* AppDelegate.swift */; };
		AEBCA4271C8FE7CE00360056 /* ViewController.swift in Sources */ = {isa = PBXBuildFile; fileRef = AEBCA4261C8FE7CE00360056 /* ViewController.swift */; };
		AEBCA42A1C8FE7CE00360056 /* Main.storyboard in Resources */ = {isa = PBXBuildFile; fileRef = AEBCA4281C8FE7CE00360056 /* Main.storyboard */; };
		AEBCA42C1C8FE7CE00360056 /* Assets.xcassets in Resources */ = {isa = PBXBuildFile; fileRef = AEBCA42B1C8FE7CE00360056 /* Assets.xcassets */; };
		AEBCA42F1C8FE7CE00360056 /* LaunchScreen.storyboard in Resources */ = {isa = PBXBuildFile; fileRef = AEBCA42D1C8FE7CE00360056 /* LaunchScreen.storyboard */; };
		AEBCA4381C8FE7E700360056 /* GrandModel.swift in Sources */ = {isa = PBXBuildFile; fileRef = AEBCA4371C8FE7E700360056 /* GrandModel.swift */; };
/* End PBXBuildFile section */

/* Begin PBXFileReference section */
		AE164BC11C94203400B9FC52 /* DemoMirror.swift */ = {isa = PBXFileReference; fileEncoding = 4; lastKnownFileType = sourcecode.swift; path = DemoMirror.swift; sourceTree = "<group>"; };
		AE93ACDC1CE871A0003C737F /* GrandType.swift */ = {isa = PBXFileReference; fileEncoding = 4; lastKnownFileType = sourcecode.swift; path = GrandType.swift; sourceTree = "<group>"; };
		AE93ACDE1CE874F1003C737F /* GrandModel+Map.swift */ = {isa = PBXFileReference; fileEncoding = 4; lastKnownFileType = sourcecode.swift; path = "GrandModel+Map.swift"; sourceTree = "<group>"; };
		AE93ACE01CE87B01003C737F /* DemoClass.swift */ = {isa = PBXFileReference; fileEncoding = 4; lastKnownFileType = sourcecode.swift; path = DemoClass.swift; sourceTree = "<group>"; };
		AEBCA4211C8FE7CE00360056 /* GrandModelDemo.app */ = {isa = PBXFileReference; explicitFileType = wrapper.application; includeInIndex = 0; path = GrandModelDemo.app; sourceTree = BUILT_PRODUCTS_DIR; };
		AEBCA4241C8FE7CE00360056 /* AppDelegate.swift */ = {isa = PBXFileReference; lastKnownFileType = sourcecode.swift; path = AppDelegate.swift; sourceTree = "<group>"; };
		AEBCA4261C8FE7CE00360056 /* ViewController.swift */ = {isa = PBXFileReference; lastKnownFileType = sourcecode.swift; path = ViewController.swift; sourceTree = "<group>"; };
		AEBCA4291C8FE7CE00360056 /* Base */ = {isa = PBXFileReference; lastKnownFileType = file.storyboard; name = Base; path = Base.lproj/Main.storyboard; sourceTree = "<group>"; };
		AEBCA42B1C8FE7CE00360056 /* Assets.xcassets */ = {isa = PBXFileReference; lastKnownFileType = folder.assetcatalog; path = Assets.xcassets; sourceTree = "<group>"; };
		AEBCA42E1C8FE7CE00360056 /* Base */ = {isa = PBXFileReference; lastKnownFileType = file.storyboard; name = Base; path = Base.lproj/LaunchScreen.storyboard; sourceTree = "<group>"; };
		AEBCA4301C8FE7CE00360056 /* Info.plist */ = {isa = PBXFileReference; lastKnownFileType = text.plist.xml; path = Info.plist; sourceTree = "<group>"; };
		AEBCA4371C8FE7E700360056 /* GrandModel.swift */ = {isa = PBXFileReference; fileEncoding = 4; lastKnownFileType = sourcecode.swift; path = GrandModel.swift; sourceTree = "<group>"; };
/* End PBXFileReference section */

/* Begin PBXFrameworksBuildPhase section */
		AEBCA41E1C8FE7CE00360056 /* Frameworks */ = {
			isa = PBXFrameworksBuildPhase;
			buildActionMask = 2147483647;
			files = (
			);
			runOnlyForDeploymentPostprocessing = 0;
		};
/* End PBXFrameworksBuildPhase section */

/* Begin PBXGroup section */
		AEBCA4181C8FE7CE00360056 = {
			isa = PBXGroup;
			children = (
				AEBCA4361C8FE7DD00360056 /* GrandModel */,
				AEBCA4231C8FE7CE00360056 /* GrandModelDemo */,
				AEBCA4221C8FE7CE00360056 /* Products */,
			);
			sourceTree = "<group>";
		};
		AEBCA4221C8FE7CE00360056 /* Products */ = {
			isa = PBXGroup;
			children = (
				AEBCA4211C8FE7CE00360056 /* GrandModelDemo.app */,
			);
			name = Products;
			sourceTree = "<group>";
		};
		AEBCA4231C8FE7CE00360056 /* GrandModelDemo */ = {
			isa = PBXGroup;
			children = (
				AEBCA4241C8FE7CE00360056 /* AppDelegate.swift */,
				AEBCA4261C8FE7CE00360056 /* ViewController.swift */,
				AEBCA4281C8FE7CE00360056 /* Main.storyboard */,
				AEBCA42B1C8FE7CE00360056 /* Assets.xcassets */,
				AEBCA42D1C8FE7CE00360056 /* LaunchScreen.storyboard */,
				AEBCA4301C8FE7CE00360056 /* Info.plist */,
				AE164BC11C94203400B9FC52 /* DemoMirror.swift */,
				AE93ACE01CE87B01003C737F /* DemoClass.swift */,
			);
			path = GrandModelDemo;
			sourceTree = "<group>";
		};
		AEBCA4361C8FE7DD00360056 /* GrandModel */ = {
			isa = PBXGroup;
			children = (
				AEBCA4371C8FE7E700360056 /* GrandModel.swift */,
				AE93ACDC1CE871A0003C737F /* GrandType.swift */,
				AE93ACDE1CE874F1003C737F /* GrandModel+Map.swift */,
			);
			path = GrandModel;
			sourceTree = "<group>";
		};
/* End PBXGroup section */

/* Begin PBXNativeTarget section */
		AEBCA4201C8FE7CE00360056 /* GrandModelDemo */ = {
			isa = PBXNativeTarget;
			buildConfigurationList = AEBCA4331C8FE7CE00360056 /* Build configuration list for PBXNativeTarget "GrandModelDemo" */;
			buildPhases = (
				AEBCA41D1C8FE7CE00360056 /* Sources */,
				AEBCA41E1C8FE7CE00360056 /* Frameworks */,
				AEBCA41F1C8FE7CE00360056 /* Resources */,
			);
			buildRules = (
			);
			dependencies = (
			);
			name = GrandModelDemo;
			productName = GrandModelDemo;
			productReference = AEBCA4211C8FE7CE00360056 /* GrandModelDemo.app */;
			productType = "com.apple.product-type.application";
		};
/* End PBXNativeTarget section */

/* Begin PBXProject section */
		AEBCA4191C8FE7CE00360056 /* Project object */ = {
			isa = PBXProject;
			attributes = {
				LastSwiftUpdateCheck = 0720;
				LastUpgradeCheck = 0720;
				ORGANIZATIONNAME = StanHu;
				TargetAttributes = {
					AEBCA4201C8FE7CE00360056 = {
						CreatedOnToolsVersion = 7.2.1;
					};
				};
			};
			buildConfigurationList = AEBCA41C1C8FE7CE00360056 /* Build configuration list for PBXProject "GrandModelDemo" */;
			compatibilityVersion = "Xcode 3.2";
			developmentRegion = English;
			hasScannedForEncodings = 0;
			knownRegions = (
				en,
				Base,
			);
			mainGroup = AEBCA4181C8FE7CE00360056;
			productRefGroup = AEBCA4221C8FE7CE00360056 /* Products */;
			projectDirPath = "";
			projectRoot = "";
			targets = (
				AEBCA4201C8FE7CE00360056 /* GrandModelDemo */,
			);
		};
/* End PBXProject section */

/* Begin PBXResourcesBuildPhase section */
		AEBCA41F1C8FE7CE00360056 /* Resources */ = {
			isa = PBXResourcesBuildPhase;
			buildActionMask = 2147483647;
			files = (
				AEBCA42F1C8FE7CE00360056 /* LaunchScreen.storyboard in Resources */,
				AEBCA42C1C8FE7CE00360056 /* Assets.xcassets in Resources */,
				AEBCA42A1C8FE7CE00360056 /* Main.storyboard in Resources */,
			);
			runOnlyForDeploymentPostprocessing = 0;
		};
/* End PBXResourcesBuildPhase section */

/* Begin PBXSourcesBuildPhase section */
		AEBCA41D1C8FE7CE00360056 /* Sources */ = {
			isa = PBXSourcesBuildPhase;
			buildActionMask = 2147483647;
			files = (
				AEBCA4271C8FE7CE00360056 /* ViewController.swift in Sources */,
				AEBCA4251C8FE7CE00360056 /* AppDelegate.swift in Sources */,
				AEBCA4381C8FE7E700360056 /* GrandModel.swift in Sources */,
				AE93ACDF1CE874F1003C737F /* GrandModel+Map.swift in Sources */,
				AE164BC21C94203400B9FC52 /* DemoMirror.swift in Sources */,
				AE93ACDD1CE871A0003C737F /* GrandType.swift in Sources */,
				AE93ACE11CE87B01003C737F /* DemoClass.swift in Sources */,
			);
			runOnlyForDeploymentPostprocessing = 0;
		};
/* End PBXSourcesBuildPhase section */

/* Begin PBXVariantGroup section */
		AEBCA4281C8FE7CE00360056 /* Main.storyboard */ = {
			isa = PBXVariantGroup;
			children = (
				AEBCA4291C8FE7CE00360056 /* Base */,
			);
			name = Main.storyboard;
			sourceTree = "<group>";
		};
		AEBCA42D1C8FE7CE00360056 /* LaunchScreen.storyboard */ = {
			isa = PBXVariantGroup;
			children = (
				AEBCA42E1C8FE7CE00360056 /* Base */,
			);
			name = LaunchScreen.storyboard;
			sourceTree = "<group>";
		};
/* End PBXVariantGroup section */

/* Begin XCBuildConfiguration section */
		AEBCA4311C8FE7CE00360056 /* Debug */ = {
			isa = XCBuildConfiguration;
			buildSettings = {
				ALWAYS_SEARCH_USER_PATHS = NO;
				CLANG_CXX_LANGUAGE_STANDARD = "gnu++0x";
				CLANG_CXX_LIBRARY = "libc++";
				CLANG_ENABLE_MODULES = YES;
				CLANG_ENABLE_OBJC_ARC = YES;
				CLANG_WARN_BOOL_CONVERSION = YES;
				CLANG_WARN_CONSTANT_CONVERSION = YES;
				CLANG_WARN_DIRECT_OBJC_ISA_USAGE = YES_ERROR;
				CLANG_WARN_EMPTY_BODY = YES;
				CLANG_WARN_ENUM_CONVERSION = YES;
				CLANG_WARN_INT_CONVERSION = YES;
				CLANG_WARN_OBJC_ROOT_CLASS = YES_ERROR;
				CLANG_WARN_UNREACHABLE_CODE = YES;
				CLANG_WARN__DUPLICATE_METHOD_MATCH = YES;
				"CODE_SIGN_IDENTITY[sdk=iphoneos*]" = "iPhone Developer";
				COPY_PHASE_STRIP = NO;
				DEBUG_INFORMATION_FORMAT = dwarf;
				ENABLE_STRICT_OBJC_MSGSEND = YES;
				ENABLE_TESTABILITY = YES;
				GCC_C_LANGUAGE_STANDARD = gnu99;
				GCC_DYNAMIC_NO_PIC = NO;
				GCC_NO_COMMON_BLOCKS = YES;
				GCC_OPTIMIZATION_LEVEL = 0;
				GCC_PREPROCESSOR_DEFINITIONS = (
					"DEBUG=1",
					"$(inherited)",
				);
				GCC_WARN_64_TO_32_BIT_CONVERSION = YES;
				GCC_WARN_ABOUT_RETURN_TYPE = YES_ERROR;
				GCC_WARN_UNDECLARED_SELECTOR = YES;
				GCC_WARN_UNINITIALIZED_AUTOS = YES_AGGRESSIVE;
				GCC_WARN_UNUSED_FUNCTION = YES;
				GCC_WARN_UNUSED_VARIABLE = YES;
				IPHONEOS_DEPLOYMENT_TARGET = 9.2;
				MTL_ENABLE_DEBUG_INFO = YES;
				ONLY_ACTIVE_ARCH = YES;
				SDKROOT = iphoneos;
				SWIFT_OPTIMIZATION_LEVEL = "-Onone";
			};
			name = Debug;
		};
		AEBCA4321C8FE7CE00360056 /* Release */ = {
			isa = XCBuildConfiguration;
			buildSettings = {
				ALWAYS_SEARCH_USER_PATHS = NO;
				CLANG_CXX_LANGUAGE_STANDARD = "gnu++0x";
				CLANG_CXX_LIBRARY = "libc++";
				CLANG_ENABLE_MODULES = YES;
				CLANG_ENABLE_OBJC_ARC = YES;
				CLANG_WARN_BOOL_CONVERSION = YES;
				CLANG_WARN_CONSTANT_CONVERSION = YES;
				CLANG_WARN_DIRECT_OBJC_ISA_USAGE = YES_ERROR;
				CLANG_WARN_EMPTY_BODY = YES;
				CLANG_WARN_ENUM_CONVERSION = YES;
				CLANG_WARN_INT_CONVERSION = YES;
				CLANG_WARN_OBJC_ROOT_CLASS = YES_ERROR;
				CLANG_WARN_UNREACHABLE_CODE = YES;
				CLANG_WARN__DUPLICATE_METHOD_MATCH = YES;
				"CODE_SIGN_IDENTITY[sdk=iphoneos*]" = "iPhone Developer";
				COPY_PHASE_STRIP = NO;
				DEBUG_INFORMATION_FORMAT = "dwarf-with-dsym";
				ENABLE_NS_ASSERTIONS = NO;
				ENABLE_STRICT_OBJC_MSGSEND = YES;
				GCC_C_LANGUAGE_STANDARD = gnu99;
				GCC_NO_COMMON_BLOCKS = YES;
				GCC_WARN_64_TO_32_BIT_CONVERSION = YES;
				GCC_WARN_ABOUT_RETURN_TYPE = YES_ERROR;
				GCC_WARN_UNDECLARED_SELECTOR = YES;
				GCC_WARN_UNINITIALIZED_AUTOS = YES_AGGRESSIVE;
				GCC_WARN_UNUSED_FUNCTION = YES;
				GCC_WARN_UNUSED_VARIABLE = YES;
				IPHONEOS_DEPLOYMENT_TARGET = 9.2;
				MTL_ENABLE_DEBUG_INFO = NO;
				SDKROOT = iphoneos;
				VALIDATE_PRODUCT = YES;
			};
			name = Release;
		};
		AEBCA4341C8FE7CE00360056 /* Debug */ = {
			isa = XCBuildConfiguration;
			buildSettings = {
				ASSETCATALOG_COMPILER_APPICON_NAME = AppIcon;
				INFOPLIST_FILE = GrandModelDemo/Info.plist;
				LD_RUNPATH_SEARCH_PATHS = "$(inherited) @executable_path/Frameworks";
				PRODUCT_BUNDLE_IDENTIFIER = Stan.GrandModelDemo;
				PRODUCT_NAME = "$(TARGET_NAME)";
			};
			name = Debug;
		};
		AEBCA4351C8FE7CE00360056 /* Release */ = {
			isa = XCBuildConfiguration;
			buildSettings = {
				ASSETCATALOG_COMPILER_APPICON_NAME = AppIcon;
				INFOPLIST_FILE = GrandModelDemo/Info.plist;
				LD_RUNPATH_SEARCH_PATHS = "$(inherited) @executable_path/Frameworks";
				PRODUCT_BUNDLE_IDENTIFIER = Stan.GrandModelDemo;
				PRODUCT_NAME = "$(TARGET_NAME)";
			};
			name = Release;
		};
/* End XCBuildConfiguration section */

/* Begin XCConfigurationList section */
		AEBCA41C1C8FE7CE00360056 /* Build configuration list for PBXProject "GrandModelDemo" */ = {
			isa = XCConfigurationList;
			buildConfigurations = (
				AEBCA4311C8FE7CE00360056 /* Debug */,
				AEBCA4321C8FE7CE00360056 /* Release */,
			);
			defaultConfigurationIsVisible = 0;
			defaultConfigurationName = Release;
		};
		AEBCA4331C8FE7CE00360056 /* Build configuration list for PBXNativeTarget "GrandModelDemo" */ = {
			isa = XCConfigurationList;
			buildConfigurations = (
				AEBCA4341C8FE7CE00360056 /* Debug */,
				AEBCA4351C8FE7CE00360056 /* Release */,
			);
			defaultConfigurationIsVisible = 0;
			defaultConfigurationName = Release;
		};
/* End XCConfigurationList section */
	};
	rootObject = AEBCA4191C8FE7CE00360056 /* Project object */;
}
